
Microsoft Visual Studio Solution File, Format Version 12.00
# Visual Studio 15
Project("{FAE04EC0-301F-11D3-BF4B-00C04F79EFBC}") = "EventStore", "EventStore\EventStore.csproj", "{A61AE282-2543-4BD2-96BF-FED10A8B6BB6}"
EndProject
Project("{FAE04EC0-301F-11D3-BF4B-00C04F79EFBC}") = "Projections", "Projections\Projections.csproj", "{BCA8CECC-F05A-4C9B-AFAE-C0172A0B8417}"
EndProject
Project("{FAE04EC0-301F-11D3-BF4B-00C04F79EFBC}") = "Demo", "Demo\Demo.csproj", "{9FF25276-FE23-4EB3-A8CD-39D0732F5498}"
EndProject
Project("{FAE04EC0-301F-11D3-BF4B-00C04F79EFBC}") = "SnapshotStore", "SnapshotStore\SnapshotStore.csproj", "{28421C0A-9D73-4112-8383-775F3EBC7515}"
EndProject
Global
	GlobalSection(SolutionConfigurationPlatforms) = preSolution
		Debug|Any CPU = Debug|Any CPU
		Release|Any CPU = Release|Any CPU
	EndGlobalSection
	GlobalSection(ProjectConfigurationPlatforms) = postSolution
		{A61AE282-2543-4BD2-96BF-FED10A8B6BB6}.Debug|Any CPU.ActiveCfg = Debug|Any CPU
		{A61AE282-2543-4BD2-96BF-FED10A8B6BB6}.Debug|Any CPU.Build.0 = Debug|Any CPU
		{A61AE282-2543-4BD2-96BF-FED10A8B6BB6}.Release|Any CPU.ActiveCfg = Release|Any CPU
		{A61AE282-2543-4BD2-96BF-FED10A8B6BB6}.Release|Any CPU.Build.0 = Release|Any CPU
		{BCA8CECC-F05A-4C9B-AFAE-C0172A0B8417}.Debug|Any CPU.ActiveCfg = Debug|Any CPU
		{BCA8CECC-F05A-4C9B-AFAE-C0172A0B8417}.Debug|Any CPU.Build.0 = Debug|Any CPU
		{BCA8CECC-F05A-4C9B-AFAE-C0172A0B8417}.Release|Any CPU.ActiveCfg = Release|Any CPU
		{BCA8CECC-F05A-4C9B-AFAE-C0172A0B8417}.Release|Any CPU.Build.0 = Release|Any CPU
		{9FF25276-FE23-4EB3-A8CD-39D0732F5498}.Debug|Any CPU.ActiveCfg = Debug|Any CPU
		{9FF25276-FE23-4EB3-A8CD-39D0732F5498}.Debug|Any CPU.Build.0 = Debug|Any CPU
		{9FF25276-FE23-4EB3-A8CD-39D0732F5498}.Release|Any CPU.ActiveCfg = Release|Any CPU
		{9FF25276-FE23-4EB3-A8CD-39D0732F5498}.Release|Any CPU.Build.0 = Release|Any CPU
		{28421C0A-9D73-4112-8383-775F3EBC7515}.Debug|Any CPU.ActiveCfg = Debug|Any CPU
		{28421C0A-9D73-4112-8383-775F3EBC7515}.Debug|Any CPU.Build.0 = Debug|Any CPU
		{28421C0A-9D73-4112-8383-775F3EBC7515}.Release|Any CPU.ActiveCfg = Release|Any CPU
		{28421C0A-9D73-4112-8383-775F3EBC7515}.Release|Any CPU.Build.0 = Release|Any CPU
	EndGlobalSection
EndGlobal
